
Microsoft Visual Studio Solution File, Format Version 12.00
# Visual Studio 15
VisualStudioVersion = 15.0.27703.2035
MinimumVisualStudioVersion = 10.0.40219.1
Project("{FAE04EC0-301F-11D3-BF4B-00C04F79EFBC}") = "LvA", "LvA\LvA.csproj", "{3D828A05-3ACD-47A6-8D75-F88A226410F9}"
EndProject
Global
	GlobalSection(SolutionConfigurationPlatforms) = preSolution
		Debug|Any CPU = Debug|Any CPU
		Release|Any CPU = Release|Any CPU
	EndGlobalSection
	GlobalSection(ProjectConfigurationPlatforms) = postSolution
		{3D828A05-3ACD-47A6-8D75-F88A226410F9}.Debug|Any CPU.ActiveCfg = Debug|Any CPU
		{3D828A05-3ACD-47A6-8D75-F88A226410F9}.Debug|Any CPU.Build.0 = Debug|Any CPU
		{3D828A05-3ACD-47A6-8D75-F88A226410F9}.Release|Any CPU.ActiveCfg = Release|Any CPU
		{3D828A05-3ACD-47A6-8D75-F88A226410F9}.Release|Any CPU.Build.0 = Release|Any CPU
	EndGlobalSection
	GlobalSection(SolutionProperties) = preSolution
		HideSolutionNode = FALSE
	EndGlobalSection
	GlobalSection(ExtensibilityGlobals) = postSolution
		SolutionGuid = {CB00A8E4-5914-46E8-88F9-6B6A5FF2046B}
	EndGlobalSection
EndGlobal
